
Microsoft Visual Studio Solution File, Format Version 12.00
# Visual Studio Version 17
VisualStudioVersion = 17.4.33213.308
MinimumVisualStudioVersion = 10.0.40219.1
Project("{FAE04EC0-301F-11D3-BF4B-00C04F79EFBC}") = "ConceptsPoo", "ConceptsPoo\ConceptsPoo.csproj", "{85687E55-201E-4E28-A9B0-4A5C06462AC3}"
EndProject
Global
	GlobalSection(SolutionConfigurationPlatforms) = preSolution
		Debug|Any CPU = Debug|Any CPU
		Release|Any CPU = Release|Any CPU
	EndGlobalSection
	GlobalSection(ProjectConfigurationPlatforms) = postSolution
		{85687E55-201E-4E28-A9B0-4A5C06462AC3}.Debug|Any CPU.ActiveCfg = Debug|Any CPU
		{85687E55-201E-4E28-A9B0-4A5C06462AC3}.Debug|Any CPU.Build.0 = Debug|Any CPU
		{85687E55-201E-4E28-A9B0-4A5C06462AC3}.Release|Any CPU.ActiveCfg = Release|Any CPU
		{85687E55-201E-4E28-A9B0-4A5C06462AC3}.Release|Any CPU.Build.0 = Release|Any CPU
	EndGlobalSection
	GlobalSection(SolutionProperties) = preSolution
		HideSolutionNode = FALSE
	EndGlobalSection
	GlobalSection(ExtensibilityGlobals) = postSolution
		SolutionGuid = {B924607D-5625-42F0-BB6C-BDC67A7231F3}
	EndGlobalSection
EndGlobal
